{
  "requires": true,
  "lockfileVersion": 1,
  "dependencies": {
    "@chenfengyuan/datepicker": {
      "version": "1.0.8",
      "resolved": "https://registry.npmjs.org/@chenfengyuan/datepicker/-/datepicker-1.0.8.tgz",
      "integrity": "sha512-l+v9hrAibCND5Ps+k2dKK1VJbl6jO6YIfV2ElPswOUNPTs8pJa44Q8e5gwYgQNpgzBAS00wjyeoQVA6xmPWG8w=="
    }
  }
}
